
Microsoft Visual Studio Solution File, Format Version 12.00
Project("{FAE04EC0-301F-11D3-BF4B-00C04F79EFBC}") = "Day1", "Day1\Day1.csproj", "{4F9A877E-5A73-4F6A-9BD4-FD6D8AA567CE}"
EndProject
Project("{FAE04EC0-301F-11D3-BF4B-00C04F79EFBC}") = "Day1.2", "Day1.2\Day1.2.csproj", "{C289E464-2DD7-426F-A1EF-EB97AAFD10C7}"
EndProject
Project("{FAE04EC0-301F-11D3-BF4B-00C04F79EFBC}") = "Day2", "Day2\Day2.csproj", "{F97FB0E9-417F-4FAA-BD6A-782489827CA8}"
EndProject
Project("{FAE04EC0-301F-11D3-BF4B-00C04F79EFBC}") = "Day3", "Day3\Day3.csproj", "{26D56DA1-606A-4DE8-8DA4-49AD52B9458B}"
EndProject
Project("{FAE04EC0-301F-11D3-BF4B-00C04F79EFBC}") = "Day3.2", "Day3.2\Day3.2.csproj", "{8A3008A2-436A-447D-B295-0E61A544969C}"
EndProject
Project("{FAE04EC0-301F-11D3-BF4B-00C04F79EFBC}") = "Day4", "Day4\Day4.csproj", "{B9D0E43A-D7AD-4FD3-8019-A01BE83C86D0}"
EndProject
Project("{FAE04EC0-301F-11D3-BF4B-00C04F79EFBC}") = "Day5", "Day5\Day5.csproj", "{1C4A4C7D-2705-4402-9D12-DFB887938DC9}"
EndProject
Global
	GlobalSection(SolutionConfigurationPlatforms) = preSolution
		Debug|Any CPU = Debug|Any CPU
		Release|Any CPU = Release|Any CPU
	EndGlobalSection
	GlobalSection(ProjectConfigurationPlatforms) = postSolution
		{4F9A877E-5A73-4F6A-9BD4-FD6D8AA567CE}.Debug|Any CPU.ActiveCfg = Debug|Any CPU
		{4F9A877E-5A73-4F6A-9BD4-FD6D8AA567CE}.Debug|Any CPU.Build.0 = Debug|Any CPU
		{4F9A877E-5A73-4F6A-9BD4-FD6D8AA567CE}.Release|Any CPU.ActiveCfg = Release|Any CPU
		{4F9A877E-5A73-4F6A-9BD4-FD6D8AA567CE}.Release|Any CPU.Build.0 = Release|Any CPU
		{C289E464-2DD7-426F-A1EF-EB97AAFD10C7}.Debug|Any CPU.ActiveCfg = Debug|Any CPU
		{C289E464-2DD7-426F-A1EF-EB97AAFD10C7}.Debug|Any CPU.Build.0 = Debug|Any CPU
		{C289E464-2DD7-426F-A1EF-EB97AAFD10C7}.Release|Any CPU.ActiveCfg = Release|Any CPU
		{C289E464-2DD7-426F-A1EF-EB97AAFD10C7}.Release|Any CPU.Build.0 = Release|Any CPU
		{F97FB0E9-417F-4FAA-BD6A-782489827CA8}.Debug|Any CPU.ActiveCfg = Debug|Any CPU
		{F97FB0E9-417F-4FAA-BD6A-782489827CA8}.Debug|Any CPU.Build.0 = Debug|Any CPU
		{F97FB0E9-417F-4FAA-BD6A-782489827CA8}.Release|Any CPU.ActiveCfg = Release|Any CPU
		{F97FB0E9-417F-4FAA-BD6A-782489827CA8}.Release|Any CPU.Build.0 = Release|Any CPU
		{26D56DA1-606A-4DE8-8DA4-49AD52B9458B}.Debug|Any CPU.ActiveCfg = Debug|Any CPU
		{26D56DA1-606A-4DE8-8DA4-49AD52B9458B}.Debug|Any CPU.Build.0 = Debug|Any CPU
		{26D56DA1-606A-4DE8-8DA4-49AD52B9458B}.Release|Any CPU.ActiveCfg = Release|Any CPU
		{26D56DA1-606A-4DE8-8DA4-49AD52B9458B}.Release|Any CPU.Build.0 = Release|Any CPU
		{8A3008A2-436A-447D-B295-0E61A544969C}.Debug|Any CPU.ActiveCfg = Debug|Any CPU
		{8A3008A2-436A-447D-B295-0E61A544969C}.Debug|Any CPU.Build.0 = Debug|Any CPU
		{8A3008A2-436A-447D-B295-0E61A544969C}.Release|Any CPU.ActiveCfg = Release|Any CPU
		{8A3008A2-436A-447D-B295-0E61A544969C}.Release|Any CPU.Build.0 = Release|Any CPU
		{B9D0E43A-D7AD-4FD3-8019-A01BE83C86D0}.Debug|Any CPU.ActiveCfg = Debug|Any CPU
		{B9D0E43A-D7AD-4FD3-8019-A01BE83C86D0}.Debug|Any CPU.Build.0 = Debug|Any CPU
		{B9D0E43A-D7AD-4FD3-8019-A01BE83C86D0}.Release|Any CPU.ActiveCfg = Release|Any CPU
		{B9D0E43A-D7AD-4FD3-8019-A01BE83C86D0}.Release|Any CPU.Build.0 = Release|Any CPU
		{1C4A4C7D-2705-4402-9D12-DFB887938DC9}.Debug|Any CPU.ActiveCfg = Debug|Any CPU
		{1C4A4C7D-2705-4402-9D12-DFB887938DC9}.Debug|Any CPU.Build.0 = Debug|Any CPU
		{1C4A4C7D-2705-4402-9D12-DFB887938DC9}.Release|Any CPU.ActiveCfg = Release|Any CPU
		{1C4A4C7D-2705-4402-9D12-DFB887938DC9}.Release|Any CPU.Build.0 = Release|Any CPU
	EndGlobalSection
EndGlobal
